PODS:
  - AFNetworking (2.4.1):
    - AFNetworking/NSURLConnection (= 2.4.1)
    - AFNetworking/NSURLSession (= 2.4.1)
    - AFNetworking/Reachability (= 2.4.1)
    - AFNetworking/Security (= 2.4.1)
    - AFNetworking/Serialization (= 2.4.1)
    - AFNetworking/UIKit (= 2.4.1)
  - AFNetworking/NSURLConnection (2.4.1):
    - AFNetworking/Reachability
    - AFNetworking/Security
    - AFNetworking/Serialization
  - AFNetworking/NSURLSession (2.4.1):
    - AFNetworking/Reachability
    - AFNetworking/Security
    - AFNetworking/Serialization
  - AFNetworking/Reachability (2.4.1)
  - AFNetworking/Security (2.4.1)
  - AFNetworking/Serialization (2.4.1)
  - AFNetworking/UIKit (2.4.1):
    - AFNetworking/NSURLConnection
    - AFNetworking/NSURLSession
  - Blindside (1.0-alpha)
  - Cedar (0.10.0)
  - iCarousel (1.8.1)
  - KSDeferred (0.2.0)
  - Mantle (1.5.1):
    - Mantle/extobjc (= 1.5.1)
  - Mantle/extobjc (1.5.1)

DEPENDENCIES:
  - AFNetworking
  - Blindside (from `https://github.com/jbsf/blindside.git`)
  - Cedar (from `https://github.com/pivotal/cedar.git`)
  - iCarousel
  - KSDeferred
  - Mantle

EXTERNAL SOURCES:
  Blindside:
    :git: https://github.com/jbsf/blindside.git
  Cedar:
    :git: https://github.com/pivotal/cedar.git

SPEC CHECKSUMS:
  AFNetworking: 0aabc6fae66d6e5d039eeb21c315843c7aae51ab
  Blindside: 3aae47c0138e6f1cf29cb4ed742bcee3744fdd2a
  Cedar: ad7dba21c345daaf5714d5ff41febc51b8444a1b
  iCarousel: 5acab560f10dc13da2440c89f35a0ad278b5147d
  KSDeferred: 33361e3e63ebe90210ea94d7f6469c1c2b874763
  Mantle: d7c5ac734579ec751c58fecbf56189853056c58c

COCOAPODS: 0.35.0
